
Microsoft Visual Studio Solution File, Format Version 12.00
# Visual Studio Version 17
VisualStudioVersion = 17.14.36119.2 d17.14
MinimumVisualStudioVersion = 10.0.40219.1
Project("{FAE04EC0-301F-11D3-BF4B-00C04F79EFBC}") = "ConsoleApp1", "ConsoleApp1\ConsoleApp1.csproj", "{2C1B70DA-34BB-4900-A77F-F3ADF21CEDB8}"
EndProject
Global
	GlobalSection(SolutionConfigurationPlatforms) = preSolution
		Debug|Any CPU = Debug|Any CPU
		Release|Any CPU = Release|Any CPU
	EndGlobalSection
	GlobalSection(ProjectConfigurationPlatforms) = postSolution
		{2C1B70DA-34BB-4900-A77F-F3ADF21CEDB8}.Debug|Any CPU.ActiveCfg = Debug|Any CPU
		{2C1B70DA-34BB-4900-A77F-F3ADF21CEDB8}.Debug|Any CPU.Build.0 = Debug|Any CPU
		{2C1B70DA-34BB-4900-A77F-F3ADF21CEDB8}.Release|Any CPU.ActiveCfg = Release|Any CPU
		{2C1B70DA-34BB-4900-A77F-F3ADF21CEDB8}.Release|Any CPU.Build.0 = Release|Any CPU
	EndGlobalSection
	GlobalSection(SolutionProperties) = preSolution
		HideSolutionNode = FALSE
	EndGlobalSection
	GlobalSection(ExtensibilityGlobals) = postSolution
		SolutionGuid = {4FF9E342-57EC-4168-B94E-C9A24DE6B6CD}
	EndGlobalSection
EndGlobal
